
Microsoft Visual Studio Solution File, Format Version 12.00
# Visual Studio 15
VisualStudioVersion = 15.0.27130.2027
MinimumVisualStudioVersion = 10.0.40219.1
Project("{FAE04EC0-301F-11D3-BF4B-00C04F79EFBC}") = "C-sharp Homework 03", "C-sharp Homework 03\C-sharp Homework 03.csproj", "{6CAF86DD-97DA-43BF-91C0-5878CB0846B2}"
EndProject
Global
	GlobalSection(SolutionConfigurationPlatforms) = preSolution
		Debug|Any CPU = Debug|Any CPU
		Release|Any CPU = Release|Any CPU
	EndGlobalSection
	GlobalSection(ProjectConfigurationPlatforms) = postSolution
		{6CAF86DD-97DA-43BF-91C0-5878CB0846B2}.Debug|Any CPU.ActiveCfg = Debug|Any CPU
		{6CAF86DD-97DA-43BF-91C0-5878CB0846B2}.Debug|Any CPU.Build.0 = Debug|Any CPU
		{6CAF86DD-97DA-43BF-91C0-5878CB0846B2}.Release|Any CPU.ActiveCfg = Release|Any CPU
		{6CAF86DD-97DA-43BF-91C0-5878CB0846B2}.Release|Any CPU.Build.0 = Release|Any CPU
	EndGlobalSection
	GlobalSection(SolutionProperties) = preSolution
		HideSolutionNode = FALSE
	EndGlobalSection
	GlobalSection(ExtensibilityGlobals) = postSolution
		SolutionGuid = {AB6FBE36-F5BC-4626-A156-3904747E206A}
	EndGlobalSection
EndGlobal
